
Microsoft Visual Studio Solution File, Format Version 12.00
# Visual Studio 15
VisualStudioVersion = 15.0.27428.2015
MinimumVisualStudioVersion = 10.0.40219.1
Project("{F184B08F-C81C-45F6-A57F-5ABD9991F28F}") = "SFTPtoDDCOS", "SFTPtoDDCOS\SFTPtoDDCOS.vbproj", "{7DB50F31-A107-46F1-8F43-1EC2E4845FFA}"
EndProject
Global
	GlobalSection(SolutionConfigurationPlatforms) = preSolution
		Debug|Any CPU = Debug|Any CPU
		Release|Any CPU = Release|Any CPU
	EndGlobalSection
	GlobalSection(ProjectConfigurationPlatforms) = postSolution
		{7DB50F31-A107-46F1-8F43-1EC2E4845FFA}.Debug|Any CPU.ActiveCfg = Debug|Any CPU
		{7DB50F31-A107-46F1-8F43-1EC2E4845FFA}.Debug|Any CPU.Build.0 = Debug|Any CPU
		{7DB50F31-A107-46F1-8F43-1EC2E4845FFA}.Release|Any CPU.ActiveCfg = Release|Any CPU
		{7DB50F31-A107-46F1-8F43-1EC2E4845FFA}.Release|Any CPU.Build.0 = Release|Any CPU
	EndGlobalSection
	GlobalSection(SolutionProperties) = preSolution
		HideSolutionNode = FALSE
	EndGlobalSection
	GlobalSection(ExtensibilityGlobals) = postSolution
		SolutionGuid = {DDD77E22-3803-432C-AB4B-967D9271BCA7}
	EndGlobalSection
EndGlobal
